// !$*UTF8*$!
{
	archiveVersion = 1;
	classes = {
	};
	objectVersion = 56;
	objects = {

/* Begin PBXBuildFile section */
		C55C13332A5A168D00334DD8 /* Past.swift in Sources */ = {isa = PBXBuildFile; fileRef = C55C13322A5A168D00334DD8 /* Past.swift */; };
		C55C13352A5A169F00334DD8 /* Future.swift in Sources */ = {isa = PBXBuildFile; fileRef = C55C13342A5A169F00334DD8 /* Future.swift */; };
		C55C13372A5A172900334DD8 /* SpriteNode.swift in Sources */ = {isa = PBXBuildFile; fileRef = C55C13362A5A172900334DD8 /* SpriteNode.swift */; };
		C5ECD3F12A572FF200E13756 /* AppDelegate.swift in Sources */ = {isa = PBXBuildFile; fileRef = C5ECD3F02A572FF200E13756 /* AppDelegate.swift */; };
		C5ECD3F32A572FF200E13756 /* GameScene.sks in Resources */ = {isa = PBXBuildFile; fileRef = C5ECD3F22A572FF200E13756 /* GameScene.sks */; };
		C5ECD3F52A572FF200E13756 /* Actions.sks in Resources */ = {isa = PBXBuildFile; fileRef = C5ECD3F42A572FF200E13756 /* Actions.sks */; };
		C5ECD3F72A572FF200E13756 /* QG.swift in Sources */ = {isa = PBXBuildFile; fileRef = C5ECD3F62A572FF200E13756 /* QG.swift */; };
		C5ECD3F92A572FF200E13756 /* GameViewController.swift in Sources */ = {isa = PBXBuildFile; fileRef = C5ECD3F82A572FF200E13756 /* GameViewController.swift */; };
		C5ECD3FC2A572FF200E13756 /* Main.storyboard in Resources */ = {isa = PBXBuildFile; fileRef = C5ECD3FA2A572FF200E13756 /* Main.storyboard */; };
		C5ECD3FE2A572FF300E13756 /* Assets.xcassets in Resources */ = {isa = PBXBuildFile; fileRef = C5ECD3FD2A572FF300E13756 /* Assets.xcassets */; };
		C5ECD4012A572FF300E13756 /* LaunchScreen.storyboard in Resources */ = {isa = PBXBuildFile; fileRef = C5ECD3FF2A572FF300E13756 /* LaunchScreen.storyboard */; };
/* End PBXBuildFile section */

/* Begin PBXFileReference section */
		C55C13322A5A168D00334DD8 /* Past.swift */ = {isa = PBXFileReference; lastKnownFileType = sourcecode.swift; path = Past.swift; sourceTree = "<group>"; };
		C55C13342A5A169F00334DD8 /* Future.swift */ = {isa = PBXFileReference; lastKnownFileType = sourcecode.swift; path = Future.swift; sourceTree = "<group>"; };
		C55C13362A5A172900334DD8 /* SpriteNode.swift */ = {isa = PBXFileReference; lastKnownFileType = sourcecode.swift; path = SpriteNode.swift; sourceTree = "<group>"; };
		C5ECD3ED2A572FF200E13756 /* teste3.app */ = {isa = PBXFileReference; explicitFileType = wrapper.application; includeInIndex = 0; path = teste3.app; sourceTree = BUILT_PRODUCTS_DIR; };
		C5ECD3F02A572FF200E13756 /* AppDelegate.swift */ = {isa = PBXFileReference; lastKnownFileType = sourcecode.swift; path = AppDelegate.swift; sourceTree = "<group>"; };
		C5ECD3F22A572FF200E13756 /* GameScene.sks */ = {isa = PBXFileReference; lastKnownFileType = file.sks; path = GameScene.sks; sourceTree = "<group>"; };
		C5ECD3F42A572FF200E13756 /* Actions.sks */ = {isa = PBXFileReference; lastKnownFileType = file.sks; path = Actions.sks; sourceTree = "<group>"; };
		C5ECD3F62A572FF200E13756 /* QG.swift */ = {isa = PBXFileReference; lastKnownFileType = sourcecode.swift; path = QG.swift; sourceTree = "<group>"; };
		C5ECD3F82A572FF200E13756 /* GameViewController.swift */ = {isa = PBXFileReference; lastKnownFileType = sourcecode.swift; path = GameViewController.swift; sourceTree = "<group>"; };
		C5ECD3FB2A572FF200E13756 /* Base */ = {isa = PBXFileReference; lastKnownFileType = file.storyboard; name = Base; path = Base.lproj/Main.storyboard; sourceTree = "<group>"; };
		C5ECD3FD2A572FF300E13756 /* Assets.xcassets */ = {isa = PBXFileReference; lastKnownFileType = folder.assetcatalog; path = Assets.xcassets; sourceTree = "<group>"; };
		C5ECD4002A572FF300E13756 /* Base */ = {isa = PBXFileReference; lastKnownFileType = file.storyboard; name = Base; path = Base.lproj/LaunchScreen.storyboard; sourceTree = "<group>"; };
/* End PBXFileReference section */

/* Begin PBXFrameworksBuildPhase section */
		C5ECD3EA2A572FF200E13756 /* Frameworks */ = {
			isa = PBXFrameworksBuildPhase;
			buildActionMask = 2147483647;
			files = (
			);
			runOnlyForDeploymentPostprocessing = 0;
		};
/* End PBXFrameworksBuildPhase section */

/* Begin PBXGroup section */
		C55C132F2A5A160400334DD8 /* GameScenes */ = {
			isa = PBXGroup;
			children = (
				C5ECD3F62A572FF200E13756 /* QG.swift */,
				C55C13322A5A168D00334DD8 /* Past.swift */,
				C55C13342A5A169F00334DD8 /* Future.swift */,
			);
			path = GameScenes;
			sourceTree = "<group>";
		};
		C5ECD3E42A572FF200E13756 = {
			isa = PBXGroup;
			children = (
				C5ECD3EF2A572FF200E13756 /* teste3 */,
				C5ECD3EE2A572FF200E13756 /* Products */,
			);
			sourceTree = "<group>";
		};
		C5ECD3EE2A572FF200E13756 /* Products */ = {
			isa = PBXGroup;
			children = (
				C5ECD3ED2A572FF200E13756 /* teste3.app */,
			);
			name = Products;
			sourceTree = "<group>";
		};
		C5ECD3EF2A572FF200E13756 /* teste3 */ = {
			isa = PBXGroup;
			children = (
				C5ECD3F02A572FF200E13756 /* AppDelegate.swift */,
				C5ECD3F22A572FF200E13756 /* GameScene.sks */,
				C5ECD3F42A572FF200E13756 /* Actions.sks */,
				C55C13362A5A172900334DD8 /* SpriteNode.swift */,
				C55C132F2A5A160400334DD8 /* GameScenes */,
				C5ECD3F82A572FF200E13756 /* GameViewController.swift */,
				C5ECD3FA2A572FF200E13756 /* Main.storyboard */,
				C5ECD3FD2A572FF300E13756 /* Assets.xcassets */,
				C5ECD3FF2A572FF300E13756 /* LaunchScreen.storyboard */,
			);
			path = teste3;
			sourceTree = "<group>";
		};
/* End PBXGroup section */

/* Begin PBXNativeTarget section */
		C5ECD3EC2A572FF200E13756 /* teste3 */ = {
			isa = PBXNativeTarget;
			buildConfigurationList = C5ECD4042A572FF300E13756 /* Build configuration list for PBXNativeTarget "teste3" */;
			buildPhases = (
				C5ECD3E92A572FF200E13756 /* Sources */,
				C5ECD3EA2A572FF200E13756 /* Frameworks */,
				C5ECD3EB2A572FF200E13756 /* Resources */,
			);
			buildRules = (
			);
			dependencies = (
			);
			name = teste3;
			productName = teste3;
			productReference = C5ECD3ED2A572FF200E13756 /* teste3.app */;
			productType = "com.apple.product-type.application";
		};
/* End PBXNativeTarget section */

/* Begin PBXProject section */
		C5ECD3E52A572FF200E13756 /* Project object */ = {
			isa = PBXProject;
			attributes = {
				BuildIndependentTargetsInParallel = 1;
				LastSwiftUpdateCheck = 1430;
				LastUpgradeCheck = 1430;
				TargetAttributes = {
					C5ECD3EC2A572FF200E13756 = {
						CreatedOnToolsVersion = 14.3;
					};
				};
			};
			buildConfigurationList = C5ECD3E82A572FF200E13756 /* Build configuration list for PBXProject "teste3" */;
			compatibilityVersion = "Xcode 14.0";
			developmentRegion = en;
			hasScannedForEncodings = 0;
			knownRegions = (
				en,
				Base,
			);
			mainGroup = C5ECD3E42A572FF200E13756;
			productRefGroup = C5ECD3EE2A572FF200E13756 /* Products */;
			projectDirPath = "";
			projectRoot = "";
			targets = (
				C5ECD3EC2A572FF200E13756 /* teste3 */,
			);
		};
/* End PBXProject section */

/* Begin PBXResourcesBuildPhase section */
		C5ECD3EB2A572FF200E13756 /* Resources */ = {
			isa = PBXResourcesBuildPhase;
			buildActionMask = 2147483647;
			files = (
				C5ECD3FC2A572FF200E13756 /* Main.storyboard in Resources */,
				C5ECD3F32A572FF200E13756 /* GameScene.sks in Resources */,
				C5ECD3FE2A572FF300E13756 /* Assets.xcassets in Resources */,
				C5ECD4012A572FF300E13756 /* LaunchScreen.storyboard in Resources */,
				C5ECD3F52A572FF200E13756 /* Actions.sks in Resources */,
			);
			runOnlyForDeploymentPostprocessing = 0;
		};
/* End PBXResourcesBuildPhase section */

/* Begin PBXSourcesBuildPhase section */
		C5ECD3E92A572FF200E13756 /* Sources */ = {
			isa = PBXSourcesBuildPhase;
			buildActionMask = 2147483647;
			files = (
				C5ECD3F72A572FF200E13756 /* QG.swift in Sources */,
				C55C13332A5A168D00334DD8 /* Past.swift in Sources */,
				C5ECD3F92A572FF200E13756 /* GameViewController.swift in Sources */,
				C55C13352A5A169F00334DD8 /* Future.swift in Sources */,
				C55C13372A5A172900334DD8 /* SpriteNode.swift in Sources */,
				C5ECD3F12A572FF200E13756 /* AppDelegate.swift in Sources */,
			);
			runOnlyForDeploymentPostprocessing = 0;
		};
/* End PBXSourcesBuildPhase section */

/* Begin PBXVariantGroup section */
		C5ECD3FA2A572FF200E13756 /* Main.storyboard */ = {
			isa = PBXVariantGroup;
			children = (
				C5ECD3FB2A572FF200E13756 /* Base */,
			);
			name = Main.storyboard;
			sourceTree = "<group>";
		};
		C5ECD3FF2A572FF300E13756 /* LaunchScreen.storyboard */ = {
			isa = PBXVariantGroup;
			children = (
				C5ECD4002A572FF300E13756 /* Base */,
			);
			name = LaunchScreen.storyboard;
			sourceTree = "<group>";
		};
/* End PBXVariantGroup section */

/* Begin XCBuildConfiguration section */
		C5ECD4022A572FF300E13756 /* Debug */ = {
			isa = XCBuildConfiguration;
			buildSettings = {
				ALWAYS_SEARCH_USER_PATHS = NO;
				CLANG_ANALYZER_NONNULL = YES;
				CLANG_ANALYZER_NUMBER_OBJECT_CONVERSION = YES_AGGRESSIVE;
				CLANG_CXX_LANGUAGE_STANDARD = "gnu++20";
				CLANG_ENABLE_MODULES = YES;
				CLANG_ENABLE_OBJC_ARC = YES;
				CLANG_ENABLE_OBJC_WEAK = YES;
				CLANG_WARN_BLOCK_CAPTURE_AUTORELEASING = YES;
				CLANG_WARN_BOOL_CONVERSION = YES;
				CLANG_WARN_COMMA = YES;
				CLANG_WARN_CONSTANT_CONVERSION = YES;
				CLANG_WARN_DEPRECATED_OBJC_IMPLEMENTATIONS = YES;
				CLANG_WARN_DIRECT_OBJC_ISA_USAGE = YES_ERROR;
				CLANG_WARN_DOCUMENTATION_COMMENTS = YES;
				CLANG_WARN_EMPTY_BODY = YES;
				CLANG_WARN_ENUM_CONVERSION = YES;
				CLANG_WARN_INFINITE_RECURSION = YES;
				CLANG_WARN_INT_CONVERSION = YES;
				CLANG_WARN_NON_LITERAL_NULL_CONVERSION = YES;
				CLANG_WARN_OBJC_IMPLICIT_RETAIN_SELF = YES;
				CLANG_WARN_OBJC_LITERAL_CONVERSION = YES;
				CLANG_WARN_OBJC_ROOT_CLASS = YES_ERROR;
				CLANG_WARN_QUOTED_INCLUDE_IN_FRAMEWORK_HEADER = YES;
				CLANG_WARN_RANGE_LOOP_ANALYSIS = YES;
				CLANG_WARN_STRICT_PROTOTYPES = YES;
				CLANG_WARN_SUSPICIOUS_MOVE = YES;
				CLANG_WARN_UNGUARDED_AVAILABILITY = YES_AGGRESSIVE;
				CLANG_WARN_UNREACHABLE_CODE = YES;
				CLANG_WARN__DUPLICATE_METHOD_MATCH = YES;
				COPY_PHASE_STRIP = NO;
				DEBUG_INFORMATION_FORMAT = dwarf;
				ENABLE_STRICT_OBJC_MSGSEND = YES;
				ENABLE_TESTABILITY = YES;
				GCC_C_LANGUAGE_STANDARD = gnu11;
				GCC_DYNAMIC_NO_PIC = NO;
				GCC_NO_COMMON_BLOCKS = YES;
				GCC_OPTIMIZATION_LEVEL = 0;
				GCC_PREPROCESSOR_DEFINITIONS = (
					"DEBUG=1",
					"$(inherited)",
				);
				GCC_WARN_64_TO_32_BIT_CONVERSION = YES;
				GCC_WARN_ABOUT_RETURN_TYPE = YES_ERROR;
				GCC_WARN_UNDECLARED_SELECTOR = YES;
				GCC_WARN_UNINITIALIZED_AUTOS = YES_AGGRESSIVE;
				GCC_WARN_UNUSED_FUNCTION = YES;
				GCC_WARN_UNUSED_VARIABLE = YES;
				IPHONEOS_DEPLOYMENT_TARGET = 16.4;
				MTL_ENABLE_DEBUG_INFO = INCLUDE_SOURCE;
				MTL_FAST_MATH = YES;
				ONLY_ACTIVE_ARCH = YES;
				SDKROOT = iphoneos;
				SWIFT_ACTIVE_COMPILATION_CONDITIONS = DEBUG;
				SWIFT_OPTIMIZATION_LEVEL = "-Onone";
			};
			name = Debug;
		};
		C5ECD4032A572FF300E13756 /* Release */ = {
			isa = XCBuildConfiguration;
			buildSettings = {
				ALWAYS_SEARCH_USER_PATHS = NO;
				CLANG_ANALYZER_NONNULL = YES;
				CLANG_ANALYZER_NUMBER_OBJECT_CONVERSION = YES_AGGRESSIVE;
				CLANG_CXX_LANGUAGE_STANDARD = "gnu++20";
				CLANG_ENABLE_MODULES = YES;
				CLANG_ENABLE_OBJC_ARC = YES;
				CLANG_ENABLE_OBJC_WEAK = YES;
				CLANG_WARN_BLOCK_CAPTURE_AUTORELEASING = YES;
				CLANG_WARN_BOOL_CONVERSION = YES;
				CLANG_WARN_COMMA = YES;
				CLANG_WARN_CONSTANT_CONVERSION = YES;
				CLANG_WARN_DEPRECATED_OBJC_IMPLEMENTATIONS = YES;
				CLANG_WARN_DIRECT_OBJC_ISA_USAGE = YES_ERROR;
				CLANG_WARN_DOCUMENTATION_COMMENTS = YES;
				CLANG_WARN_EMPTY_BODY = YES;
				CLANG_WARN_ENUM_CONVERSION = YES;
				CLANG_WARN_INFINITE_RECURSION = YES;
				CLANG_WARN_INT_CONVERSION = YES;
				CLANG_WARN_NON_LITERAL_NULL_CONVERSION = YES;
				CLANG_WARN_OBJC_IMPLICIT_RETAIN_SELF = YES;
				CLANG_WARN_OBJC_LITERAL_CONVERSION = YES;
				CLANG_WARN_OBJC_ROOT_CLASS = YES_ERROR;
				CLANG_WARN_QUOTED_INCLUDE_IN_FRAMEWORK_HEADER = YES;
				CLANG_WARN_RANGE_LOOP_ANALYSIS = YES;
				CLANG_WARN_STRICT_PROTOTYPES = YES;
				CLANG_WARN_SUSPICIOUS_MOVE = YES;
				CLANG_WARN_UNGUARDED_AVAILABILITY = YES_AGGRESSIVE;
				CLANG_WARN_UNREACHABLE_CODE = YES;
				CLANG_WARN__DUPLICATE_METHOD_MATCH = YES;
				COPY_PHASE_STRIP = NO;
				DEBUG_INFORMATION_FORMAT = "dwarf-with-dsym";
				ENABLE_NS_ASSERTIONS = NO;
				ENABLE_STRICT_OBJC_MSGSEND = YES;
				GCC_C_LANGUAGE_STANDARD = gnu11;
				GCC_NO_COMMON_BLOCKS = YES;
				GCC_WARN_64_TO_32_BIT_CONVERSION = YES;
				GCC_WARN_ABOUT_RETURN_TYPE = YES_ERROR;
				GCC_WARN_UNDECLARED_SELECTOR = YES;
				GCC_WARN_UNINITIALIZED_AUTOS = YES_AGGRESSIVE;
				GCC_WARN_UNUSED_FUNCTION = YES;
				GCC_WARN_UNUSED_VARIABLE = YES;
				IPHONEOS_DEPLOYMENT_TARGET = 16.4;
				MTL_ENABLE_DEBUG_INFO = NO;
				MTL_FAST_MATH = YES;
				SDKROOT = iphoneos;
				SWIFT_COMPILATION_MODE = wholemodule;
				SWIFT_OPTIMIZATION_LEVEL = "-O";
				VALIDATE_PRODUCT = YES;
			};
			name = Release;
		};
		C5ECD4052A572FF300E13756 /* Debug */ = {
			isa = XCBuildConfiguration;
			buildSettings = {
				ASSETCATALOG_COMPILER_APPICON_NAME = AppIcon;
				ASSETCATALOG_COMPILER_GLOBAL_ACCENT_COLOR_NAME = AccentColor;
				CODE_SIGN_STYLE = Automatic;
				CURRENT_PROJECT_VERSION = 1;
				DEVELOPMENT_TEAM = W7CBBM6Z28;
				GENERATE_INFOPLIST_FILE = YES;
				INFOPLIST_KEY_UIApplicationSupportsIndirectInputEvents = YES;
				INFOPLIST_KEY_UILaunchStoryboardName = LaunchScreen;
				INFOPLIST_KEY_UIMainStoryboardFile = Main;
				INFOPLIST_KEY_UIStatusBarHidden = YES;
				INFOPLIST_KEY_UISupportedInterfaceOrientations_iPad = "UIInterfaceOrientationPortrait UIInterfaceOrientationPortraitUpsideDown UIInterfaceOrientationLandscapeLeft UIInterfaceOrientationLandscapeRight";
				INFOPLIST_KEY_UISupportedInterfaceOrientations_iPhone = "UIInterfaceOrientationPortrait UIInterfaceOrientationLandscapeLeft UIInterfaceOrientationLandscapeRight";
				LD_RUNPATH_SEARCH_PATHS = (
					"$(inherited)",
					"@executable_path/Frameworks",
				);
				MARKETING_VERSION = 1.0;
				PRODUCT_BUNDLE_IDENTIFIER = Mirelle.teste3;
				PRODUCT_NAME = "$(TARGET_NAME)";
				SWIFT_EMIT_LOC_STRINGS = YES;
				SWIFT_VERSION = 5.0;
				TARGETED_DEVICE_FAMILY = "1,2";
			};
			name = Debug;
		};
		C5ECD4062A572FF300E13756 /* Release */ = {
			isa = XCBuildConfiguration;
			buildSettings = {
				ASSETCATALOG_COMPILER_APPICON_NAME = AppIcon;
				ASSETCATALOG_COMPILER_GLOBAL_ACCENT_COLOR_NAME = AccentColor;
				CODE_SIGN_STYLE = Automatic;
				CURRENT_PROJECT_VERSION = 1;
				DEVELOPMENT_TEAM = W7CBBM6Z28;
				GENERATE_INFOPLIST_FILE = YES;
				INFOPLIST_KEY_UIApplicationSupportsIndirectInputEvents = YES;
				INFOPLIST_KEY_UILaunchStoryboardName = LaunchScreen;
				INFOPLIST_KEY_UIMainStoryboardFile = Main;
				INFOPLIST_KEY_UIStatusBarHidden = YES;
				INFOPLIST_KEY_UISupportedInterfaceOrientations_iPad = "UIInterfaceOrientationPortrait UIInterfaceOrientationPortraitUpsideDown UIInterfaceOrientationLandscapeLeft UIInterfaceOrientationLandscapeRight";
				INFOPLIST_KEY_UISupportedInterfaceOrientations_iPhone = "UIInterfaceOrientationPortrait UIInterfaceOrientationLandscapeLeft UIInterfaceOrientationLandscapeRight";
				LD_RUNPATH_SEARCH_PATHS = (
					"$(inherited)",
					"@executable_path/Frameworks",
				);
				MARKETING_VERSION = 1.0;
				PRODUCT_BUNDLE_IDENTIFIER = Mirelle.teste3;
				PRODUCT_NAME = "$(TARGET_NAME)";
				SWIFT_EMIT_LOC_STRINGS = YES;
				SWIFT_VERSION = 5.0;
				TARGETED_DEVICE_FAMILY = "1,2";
			};
			name = Release;
		};
/* End XCBuildConfiguration section */

/* Begin XCConfigurationList section */
		C5ECD3E82A572FF200E13756 /* Build configuration list for PBXProject "teste3" */ = {
			isa = XCConfigurationList;
			buildConfigurations = (
				C5ECD4022A572FF300E13756 /* Debug */,
				C5ECD4032A572FF300E13756 /* Release */,
			);
			defaultConfigurationIsVisible = 0;
			defaultConfigurationName = Release;
		};
		C5ECD4042A572FF300E13756 /* Build configuration list for PBXNativeTarget "teste3" */ = {
			isa = XCConfigurationList;
			buildConfigurations = (
				C5ECD4052A572FF300E13756 /* Debug */,
				C5ECD4062A572FF300E13756 /* Release */,
			);
			defaultConfigurationIsVisible = 0;
			defaultConfigurationName = Release;
		};
/* End XCConfigurationList section */
	};
	rootObject = C5ECD3E52A572FF200E13756 /* Project object */;
}
